
Microsoft Visual Studio Solution File, Format Version 12.00
# Visual Studio Version 17
VisualStudioVersion = 17.5.33627.172
MinimumVisualStudioVersion = 10.0.40219.1
Project("{9A19103F-16F7-4668-BE54-9A1E7A4F7556}") = "jwt-auth", "jwt-auth.csproj", "{ED4D4A9C-8F72-40E0-AA94-33ED6665A5A7}"
EndProject
Global
	GlobalSection(SolutionConfigurationPlatforms) = preSolution
		Debug|Any CPU = Debug|Any CPU
		Release|Any CPU = Release|Any CPU
	EndGlobalSection
	GlobalSection(ProjectConfigurationPlatforms) = postSolution
		{ED4D4A9C-8F72-40E0-AA94-33ED6665A5A7}.Debug|Any CPU.ActiveCfg = Debug|Any CPU
		{ED4D4A9C-8F72-40E0-AA94-33ED6665A5A7}.Debug|Any CPU.Build.0 = Debug|Any CPU
		{ED4D4A9C-8F72-40E0-AA94-33ED6665A5A7}.Release|Any CPU.ActiveCfg = Release|Any CPU
		{ED4D4A9C-8F72-40E0-AA94-33ED6665A5A7}.Release|Any CPU.Build.0 = Release|Any CPU
	EndGlobalSection
	GlobalSection(SolutionProperties) = preSolution
		HideSolutionNode = FALSE
	EndGlobalSection
	GlobalSection(ExtensibilityGlobals) = postSolution
		SolutionGuid = {D98C53FA-3641-48E0-8B04-5B4F5560C364}
	EndGlobalSection
EndGlobal
